
Microsoft Visual Studio Solution File, Format Version 12.00
# Visual Studio 15
Project("{FAE04EC0-301F-11D3-BF4B-00C04F79EFBC}") = "Microsoft.MixedReality.Toolkit.SDK", "Microsoft.MixedReality.Toolkit.SDK.csproj", "{1CD68003-54B2-A7EB-081B-73C94DD909EC}"
EndProject
Project("{FAE04EC0-301F-11D3-BF4B-00C04F79EFBC}") = "Microsoft.MixedReality.Toolkit.Providers.OpenVR", "Microsoft.MixedReality.Toolkit.Providers.OpenVR.csproj", "{90814958-DFAA-5B4B-4A96-AA33D70AA047}"
EndProject
Project("{FAE04EC0-301F-11D3-BF4B-00C04F79EFBC}") = "Microsoft.MixedReality.Toolkit.Examples", "Microsoft.MixedReality.Toolkit.Examples.csproj", "{17B33AAE-A21D-90CE-DA02-44A6587840DF}"
EndProject
Project("{FAE04EC0-301F-11D3-BF4B-00C04F79EFBC}") = "Microsoft.MixedReality.Toolkit", "Microsoft.MixedReality.Toolkit.csproj", "{248A3DB4-9050-D909-6FFE-C58EB86DEBD1}"
EndProject
Project("{FAE04EC0-301F-11D3-BF4B-00C04F79EFBC}") = "Assembly-CSharp", "Assembly-CSharp.csproj", "{D1450E85-8D03-3086-1CD9-9811B3699DAD}"
EndProject
Project("{FAE04EC0-301F-11D3-BF4B-00C04F79EFBC}") = "Microsoft.MixedReality.Toolkit.Services.SpatialAwarenessSystem", "Microsoft.MixedReality.Toolkit.Services.SpatialAwarenessSystem.csproj", "{B8E563C5-771F-0C1F-04B0-F1F0465DBB23}"
EndProject
Project("{FAE04EC0-301F-11D3-BF4B-00C04F79EFBC}") = "Microsoft.MixedReality.Toolkit.Extensions.SceneTransitionService", "Microsoft.MixedReality.Toolkit.Extensions.SceneTransitionService.csproj", "{8E880BAA-9CF9-9953-8256-F900DB0D3A2D}"
EndProject
Project("{FAE04EC0-301F-11D3-BF4B-00C04F79EFBC}") = "Microsoft.MixedReality.Toolkit.Gltf", "Microsoft.MixedReality.Toolkit.Gltf.csproj", "{ABA04186-DD62-7059-84EB-0FFBEE8204BA}"
EndProject
Project("{FAE04EC0-301F-11D3-BF4B-00C04F79EFBC}") = "Microsoft.MixedReality.Toolkit.Services.SceneSystem", "Microsoft.MixedReality.Toolkit.Services.SceneSystem.csproj", "{F97827B8-A89E-23E3-AFF8-05B6FBD66AA0}"
EndProject
Project("{FAE04EC0-301F-11D3-BF4B-00C04F79EFBC}") = "Microsoft.MixedReality.Toolkit.Services.InputSystem", "Microsoft.MixedReality.Toolkit.Services.InputSystem.csproj", "{8573DA8F-3571-95FF-FBDC-D5D3C54AE6E5}"
EndProject
Project("{FAE04EC0-301F-11D3-BF4B-00C04F79EFBC}") = "Microsoft.MixedReality.Toolkit.Providers.LeapMotion", "Microsoft.MixedReality.Toolkit.Providers.LeapMotion.csproj", "{D8977B95-2D89-21ED-E66F-1C06265FFB40}"
EndProject
Project("{FAE04EC0-301F-11D3-BF4B-00C04F79EFBC}") = "Microsoft.MixedReality.Toolkit.Providers.XRSDK.WindowsMixedReality", "Microsoft.MixedReality.Toolkit.Providers.XRSDK.WindowsMixedReality.csproj", "{9098B18F-CBC7-019B-9706-27CBFC09BDBC}"
EndProject
Project("{FAE04EC0-301F-11D3-BF4B-00C04F79EFBC}") = "Microsoft.MixedReality.Toolkit.Services.InputSimulation", "Microsoft.MixedReality.Toolkit.Services.InputSimulation.csproj", "{16CC7CE2-A755-146B-CD32-25EBFE01C77B}"
EndProject
Project("{FAE04EC0-301F-11D3-BF4B-00C04F79EFBC}") = "Microsoft.MixedReality.Toolkit.Providers.UnityAR", "Microsoft.MixedReality.Toolkit.Providers.UnityAR.csproj", "{E7616D58-6FB9-EAD2-8A25-192B649272FA}"
EndProject
Project("{FAE04EC0-301F-11D3-BF4B-00C04F79EFBC}") = "Microsoft.MixedReality.Toolkit.Services.InputAnimation", "Microsoft.MixedReality.Toolkit.Services.InputAnimation.csproj", "{25BDA239-9A65-C9F2-4A53-216FD0CFB3B7}"
EndProject
Project("{FAE04EC0-301F-11D3-BF4B-00C04F79EFBC}") = "Microsoft.MixedReality.Toolkit.Providers.WindowsVoiceInput", "Microsoft.MixedReality.Toolkit.Providers.WindowsVoiceInput.csproj", "{B7CD3F8F-D67B-F41A-DA12-F5D7D12800C7}"
EndProject
Project("{FAE04EC0-301F-11D3-BF4B-00C04F79EFBC}") = "Microsoft.MixedReality.Toolkit.Extensions.Tracking", "Microsoft.MixedReality.Toolkit.Extensions.Tracking.csproj", "{F0756EEE-C787-E4C2-2232-78F35AFD075B}"
EndProject
Project("{FAE04EC0-301F-11D3-BF4B-00C04F79EFBC}") = "Microsoft.MixedReality.Toolkit.Services.DiagnosticsSystem", "Microsoft.MixedReality.Toolkit.Services.DiagnosticsSystem.csproj", "{164204AC-3311-E08F-2D72-5293DAC38230}"
EndProject
Project("{FAE04EC0-301F-11D3-BF4B-00C04F79EFBC}") = "Microsoft.MixedReality.Toolkit.Demos.InspectorFields", "Microsoft.MixedReality.Toolkit.Demos.InspectorFields.csproj", "{C4FFA435-834C-0E24-D12A-BDED7E2AD72D}"
EndProject
Project("{FAE04EC0-301F-11D3-BF4B-00C04F79EFBC}") = "Microsoft.MixedReality.Toolkit.Extensions.HandPhysics", "Microsoft.MixedReality.Toolkit.Extensions.HandPhysics.csproj", "{E8938CAB-2B0D-1083-D052-A126F8AC4C50}"
EndProject
Project("{FAE04EC0-301F-11D3-BF4B-00C04F79EFBC}") = "Microsoft.MixedReality.Toolkit.Async", "Microsoft.MixedReality.Toolkit.Async.csproj", "{094320EC-D9AA-B7D8-A6E7-0492010461C7}"
EndProject
Project("{FAE04EC0-301F-11D3-BF4B-00C04F79EFBC}") = "Microsoft.MixedReality.Toolkit.Providers.WindowsMixedReality", "Microsoft.MixedReality.Toolkit.Providers.WindowsMixedReality.csproj", "{B384C88F-889F-B34E-D93F-030D7D2267BE}"
EndProject
Project("{FAE04EC0-301F-11D3-BF4B-00C04F79EFBC}") = "Microsoft.MixedReality.Toolkit.Demos.Gltf", "Microsoft.MixedReality.Toolkit.Demos.Gltf.csproj", "{BCEA1B5A-44DA-993F-4765-0B0321F3839A}"
EndProject
Project("{FAE04EC0-301F-11D3-BF4B-00C04F79EFBC}") = "Microsoft.MixedReality.Toolkit.Demos.UX.Interactables", "Microsoft.MixedReality.Toolkit.Demos.UX.Interactables.csproj", "{BEF9CD25-C725-9F6D-617D-BAF0CCA7B999}"
EndProject
Project("{FAE04EC0-301F-11D3-BF4B-00C04F79EFBC}") = "Microsoft.MixedReality.Toolkit.Providers.WindowsMixedReality.Shared", "Microsoft.MixedReality.Toolkit.Providers.WindowsMixedReality.Shared.csproj", "{29446959-B16D-13A6-2FB5-DC1279E46083}"
EndProject
Project("{FAE04EC0-301F-11D3-BF4B-00C04F79EFBC}") = "Microsoft.MixedReality.Toolkit.Services.TeleportSystem", "Microsoft.MixedReality.Toolkit.Services.TeleportSystem.csproj", "{190148B4-FB93-D620-38FD-ADF906165497}"
EndProject
Project("{FAE04EC0-301F-11D3-BF4B-00C04F79EFBC}") = "Microsoft.MixedReality.Toolkit.Providers.XRSDK", "Microsoft.MixedReality.Toolkit.Providers.XRSDK.csproj", "{3D947A6B-27F6-410B-6E48-52494DB1E259}"
EndProject
Project("{FAE04EC0-301F-11D3-BF4B-00C04F79EFBC}") = "Microsoft.MixedReality.Toolkit.Services.CameraSystem", "Microsoft.MixedReality.Toolkit.Services.CameraSystem.csproj", "{2A28E86A-B4EA-CD78-A1E2-D4D39ED06742}"
EndProject
Project("{FAE04EC0-301F-11D3-BF4B-00C04F79EFBC}") = "Microsoft.MixedReality.Toolkit.Services.BoundarySystem", "Microsoft.MixedReality.Toolkit.Services.BoundarySystem.csproj", "{A047CAD1-B5AC-41E5-09E2-6B2FF4E9E83D}"
EndProject
Project("{FAE04EC0-301F-11D3-BF4B-00C04F79EFBC}") = "Microsoft.MixedReality.Toolkit.SDK.Inspectors", "Microsoft.MixedReality.Toolkit.SDK.Inspectors.csproj", "{9914C17F-06EA-3FDF-39E9-D75E977AD737}"
EndProject
Project("{FAE04EC0-301F-11D3-BF4B-00C04F79EFBC}") = "Microsoft.MixedReality.Toolkit.Editor.Inspectors", "Microsoft.MixedReality.Toolkit.Editor.Inspectors.csproj", "{615BEE47-8B33-30AC-135A-48918C628E53}"
EndProject
Project("{FAE04EC0-301F-11D3-BF4B-00C04F79EFBC}") = "Microsoft.MixedReality.Toolkit.Editor.ServiceInspectors", "Microsoft.MixedReality.Toolkit.Editor.ServiceInspectors.csproj", "{B5DF7F4E-85D0-EB06-0A8D-E60D0947A69C}"
EndProject
Project("{FAE04EC0-301F-11D3-BF4B-00C04F79EFBC}") = "Microsoft.MixedReality.Toolkit.SDK.Experimental.Inspectors", "Microsoft.MixedReality.Toolkit.SDK.Experimental.Inspectors.csproj", "{3F01BA36-87B5-D1D6-3E97-9E2E32925D80}"
EndProject
Project("{FAE04EC0-301F-11D3-BF4B-00C04F79EFBC}") = "Microsoft.MixedReality.Toolkit.Providers.XRSDK.WindowsMixedReality.Editor", "Microsoft.MixedReality.Toolkit.Providers.XRSDK.WindowsMixedReality.Editor.csproj", "{C7BCB009-7445-2DC7-9064-DFABBD0D9F60}"
EndProject
Project("{FAE04EC0-301F-11D3-BF4B-00C04F79EFBC}") = "Microsoft.MixedReality.Toolkit.Demos.InspectorFields.Inspectors", "Microsoft.MixedReality.Toolkit.Demos.InspectorFields.Inspectors.csproj", "{BE30E287-81C1-8EC8-8E74-6F0A30548318}"
EndProject
Project("{FAE04EC0-301F-11D3-BF4B-00C04F79EFBC}") = "Microsoft.MixedReality.Toolkit.Editor.Utilities", "Microsoft.MixedReality.Toolkit.Editor.Utilities.csproj", "{B7627734-EFCE-C0E6-998F-9C9284CDAB2E}"
EndProject
Project("{FAE04EC0-301F-11D3-BF4B-00C04F79EFBC}") = "Microsoft.MixedReality.Toolkit.Demos.StandardShader.Inspectors", "Microsoft.MixedReality.Toolkit.Demos.StandardShader.Inspectors.csproj", "{A3947F95-EF5A-1004-5469-C5CA74592B15}"
EndProject
Project("{FAE04EC0-301F-11D3-BF4B-00C04F79EFBC}") = "Microsoft.MixedReality.Toolkit.Providers.ObjectMeshObserver", "Microsoft.MixedReality.Toolkit.Providers.ObjectMeshObserver.csproj", "{387BDCC8-E5F7-2E2B-1EBD-3679CF169792}"
EndProject
Project("{FAE04EC0-301F-11D3-BF4B-00C04F79EFBC}") = "Microsoft.MixedReality.Toolkit.Editor.ClassExtensions", "Microsoft.MixedReality.Toolkit.Editor.ClassExtensions.csproj", "{5F44E66B-22E9-0A72-747B-D6F89BF20B94}"
EndProject
Project("{FAE04EC0-301F-11D3-BF4B-00C04F79EFBC}") = "Microsoft.MixedReality.Toolkit.Gltf.Importers", "Microsoft.MixedReality.Toolkit.Gltf.Importers.csproj", "{E1E8FB3B-24BF-374F-4BC5-169F1647D6B9}"
EndProject
Project("{FAE04EC0-301F-11D3-BF4B-00C04F79EFBC}") = "Microsoft.MixedReality.Toolkit.Providers.WindowsMixedReality.ConfigCheck", "Microsoft.MixedReality.Toolkit.Providers.WindowsMixedReality.ConfigCheck.csproj", "{A91F3E0F-1A28-A529-8455-D5F870D96F8B}"
EndProject
Project("{FAE04EC0-301F-11D3-BF4B-00C04F79EFBC}") = "Microsoft.MixedReality.Toolkit.Providers.LeapMotion.Editor", "Microsoft.MixedReality.Toolkit.Providers.LeapMotion.Editor.csproj", "{45B2A442-8BD5-C14B-7835-0C5BBF3BFBC8}"
EndProject
Project("{FAE04EC0-301F-11D3-BF4B-00C04F79EFBC}") = "Microsoft.MixedReality.Toolkit.Services.InputSimulation.Editor", "Microsoft.MixedReality.Toolkit.Services.InputSimulation.Editor.csproj", "{B36EE1F1-77A8-223A-C247-EDD73B4CD1D1}"
EndProject
Project("{FAE04EC0-301F-11D3-BF4B-00C04F79EFBC}") = "Microsoft.MixedReality.Toolkit.Editor.BuildAndDeploy", "Microsoft.MixedReality.Toolkit.Editor.BuildAndDeploy.csproj", "{A58AA9DA-0373-2085-538C-017CB0248922}"
EndProject
Project("{FAE04EC0-301F-11D3-BF4B-00C04F79EFBC}") = "Microsoft.MixedReality.Toolkit.Demos.Gltf.Inspectors", "Microsoft.MixedReality.Toolkit.Demos.Gltf.Inspectors.csproj", "{D690078F-A105-1245-37AA-5A002C32389B}"
EndProject
Project("{FAE04EC0-301F-11D3-BF4B-00C04F79EFBC}") = "Microsoft.MixedReality.Toolkit.Examples.Editor.Inspectors", "Microsoft.MixedReality.Toolkit.Examples.Editor.Inspectors.csproj", "{9544E61F-F318-5064-E2D3-DCB621FED4CA}"
EndProject
Project("{FAE04EC0-301F-11D3-BF4B-00C04F79EFBC}") = "Microsoft.MixedReality.Toolkit.Providers.LeapMotion.ConfigurationChecker", "Microsoft.MixedReality.Toolkit.Providers.LeapMotion.ConfigurationChecker.csproj", "{65ABBFB1-3EAE-1EA4-A707-12C538CA0F78}"
EndProject
Project("{FAE04EC0-301F-11D3-BF4B-00C04F79EFBC}") = "Microsoft.MixedReality.Toolkit.Providers.UnityAR.ConfigCheck", "Microsoft.MixedReality.Toolkit.Providers.UnityAR.ConfigCheck.csproj", "{6E249DDD-E2A2-4281-0867-4E76C3A152F3}"
EndProject
Project("{FAE04EC0-301F-11D3-BF4B-00C04F79EFBC}") = "Microsoft.MixedReality.Toolkit.Providers.XRSDK.ConfigCheck", "Microsoft.MixedReality.Toolkit.Providers.XRSDK.ConfigCheck.csproj", "{3A8D9795-416F-D2AF-4758-07422949C8A4}"
EndProject
Project("{FAE04EC0-301F-11D3-BF4B-00C04F79EFBC}") = "Microsoft.MixedReality.Toolkit.Providers.UnityAR.Editor", "Microsoft.MixedReality.Toolkit.Providers.UnityAR.Editor.csproj", "{85F8B528-0172-D207-5EF4-2BFD00BD3F41}"
EndProject
Project("{FAE04EC0-301F-11D3-BF4B-00C04F79EFBC}") = "Microsoft.MixedReality.Toolkit.Extensions.Tracking.Editor", "Microsoft.MixedReality.Toolkit.Extensions.Tracking.Editor.csproj", "{FB131FCB-ADEB-0B9C-933A-77BD69A28FCA}"
EndProject
Project("{FAE04EC0-301F-11D3-BF4B-00C04F79EFBC}") = "Microsoft.MixedReality.Toolkit.Providers.WindowsMixedReality.Editor", "Microsoft.MixedReality.Toolkit.Providers.WindowsMixedReality.Editor.csproj", "{19BC5D9B-DFDA-69FE-EAB9-3700B5C672B1}"
EndProject
Project("{FAE04EC0-301F-11D3-BF4B-00C04F79EFBC}") = "Microsoft.MixedReality.Toolkit.Services.InputSystem.Editor", "Microsoft.MixedReality.Toolkit.Services.InputSystem.Editor.csproj", "{C95F872D-287B-9846-7C7F-D506FB5EC2CF}"
EndProject
Project("{FAE04EC0-301F-11D3-BF4B-00C04F79EFBC}") = "Assembly-CSharp-Editor", "Assembly-CSharp-Editor.csproj", "{F0375045-ADF9-FE6C-D3E0-8BA7A68A6247}"
EndProject
Project("{FAE04EC0-301F-11D3-BF4B-00C04F79EFBC}") = "UnityEngine.TestRunner.Player", "UnityEngine.TestRunner.Player.csproj", "{64B4EAA5-8AA2-5850-8A28-43DF4A8FEFDB}"
EndProject
Project("{FAE04EC0-301F-11D3-BF4B-00C04F79EFBC}") = "Microsoft.MixedReality.Toolkit.SDK.Player", "Microsoft.MixedReality.Toolkit.SDK.Player.csproj", "{ECBB42D1-A9C2-40B6-41A6-BA9CA760A185}"
EndProject
Project("{FAE04EC0-301F-11D3-BF4B-00C04F79EFBC}") = "Microsoft.MixedReality.Toolkit.Examples.Player", "Microsoft.MixedReality.Toolkit.Examples.Player.csproj", "{00A402B2-92CC-B026-7261-3E1E45D0DAF8}"
EndProject
Project("{FAE04EC0-301F-11D3-BF4B-00C04F79EFBC}") = "Microsoft.MixedReality.Toolkit.Player", "Microsoft.MixedReality.Toolkit.Player.csproj", "{727B8E52-3D66-AE7B-BD38-F9D8FD88DD56}"
EndProject
Project("{FAE04EC0-301F-11D3-BF4B-00C04F79EFBC}") = "Assembly-CSharp.Player", "Assembly-CSharp.Player.csproj", "{37CDCF3F-0389-B63F-5625-A1C74B87B5B7}"
EndProject
Project("{FAE04EC0-301F-11D3-BF4B-00C04F79EFBC}") = "Microsoft.MixedReality.Toolkit.Services.SpatialAwarenessSystem.Player", "Microsoft.MixedReality.Toolkit.Services.SpatialAwarenessSystem.Player.csproj", "{BA2FB561-2A3F-E7AB-3761-5B90784852F5}"
EndProject
Project("{FAE04EC0-301F-11D3-BF4B-00C04F79EFBC}") = "Unity.TextMeshPro.Player", "Unity.TextMeshPro.Player.csproj", "{F1CA471D-22AC-18A9-132D-9C670FF66678}"
EndProject
Project("{FAE04EC0-301F-11D3-BF4B-00C04F79EFBC}") = "Microsoft.MixedReality.Toolkit.Extensions.SceneTransitionService.Player", "Microsoft.MixedReality.Toolkit.Extensions.SceneTransitionService.Player.csproj", "{66217A69-78AD-E46C-9633-3D65858A29B5}"
EndProject
Project("{FAE04EC0-301F-11D3-BF4B-00C04F79EFBC}") = "Unity.Timeline.Player", "Unity.Timeline.Player.csproj", "{31AC8158-7C83-018B-709E-1EF63B6E8227}"
EndProject
Project("{FAE04EC0-301F-11D3-BF4B-00C04F79EFBC}") = "Microsoft.MixedReality.Toolkit.Gltf.Player", "Microsoft.MixedReality.Toolkit.Gltf.Player.csproj", "{C05B3382-221F-81EE-D922-1D4566EE5271}"
EndProject
Project("{FAE04EC0-301F-11D3-BF4B-00C04F79EFBC}") = "Microsoft.MixedReality.Toolkit.Services.SceneSystem.Player", "Microsoft.MixedReality.Toolkit.Services.SceneSystem.Player.csproj", "{811FDE3E-F9F4-7C15-A875-F2B2FCD75F42}"
EndProject
Project("{FAE04EC0-301F-11D3-BF4B-00C04F79EFBC}") = "Microsoft.MixedReality.Toolkit.Services.InputSystem.Player", "Microsoft.MixedReality.Toolkit.Services.InputSystem.Player.csproj", "{1D02E31F-51C1-523C-5B60-68B5D4D47551}"
EndProject
Project("{FAE04EC0-301F-11D3-BF4B-00C04F79EFBC}") = "Microsoft.MixedReality.Toolkit.Providers.XRSDK.WindowsMixedReality.Player", "Microsoft.MixedReality.Toolkit.Providers.XRSDK.WindowsMixedReality.Player.csproj", "{869985E5-76C4-5DD2-0A5C-5E6D345C179E}"
EndProject
Project("{FAE04EC0-301F-11D3-BF4B-00C04F79EFBC}") = "Microsoft.MixedReality.Toolkit.Services.InputSimulation.Player", "Microsoft.MixedReality.Toolkit.Services.InputSimulation.Player.csproj", "{D35AB74B-780F-6F44-D4E3-4223C8C8DC8D}"
EndProject
Project("{FAE04EC0-301F-11D3-BF4B-00C04F79EFBC}") = "Microsoft.MixedReality.Toolkit.Services.InputAnimation.Player", "Microsoft.MixedReality.Toolkit.Services.InputAnimation.Player.csproj", "{466C101C-775C-9DA1-FFE6-1FC7E8A31A1B}"
EndProject
Project("{FAE04EC0-301F-11D3-BF4B-00C04F79EFBC}") = "Microsoft.MixedReality.Toolkit.Providers.WindowsVoiceInput.Player", "Microsoft.MixedReality.Toolkit.Providers.WindowsVoiceInput.Player.csproj", "{F2BCBB74-6AC0-BB8F-3C3A-0A17D53927D9}"
EndProject
Project("{FAE04EC0-301F-11D3-BF4B-00C04F79EFBC}") = "Unity.XR.WindowsMR.Player", "Unity.XR.WindowsMR.Player.csproj", "{83F5DC8B-F4E3-DE24-5B63-E900B5A94812}"
EndProject
Project("{FAE04EC0-301F-11D3-BF4B-00C04F79EFBC}") = "Microsoft.MixedReality.Toolkit.Extensions.Tracking.Player", "Microsoft.MixedReality.Toolkit.Extensions.Tracking.Player.csproj", "{C4128F00-F8C6-F193-EEA8-D14C50522E9B}"
EndProject
Project("{FAE04EC0-301F-11D3-BF4B-00C04F79EFBC}") = "Microsoft.MixedReality.Toolkit.Services.DiagnosticsSystem.Player", "Microsoft.MixedReality.Toolkit.Services.DiagnosticsSystem.Player.csproj", "{D90CE579-1DB1-9FC7-8189-451F996ACB27}"
EndProject
Project("{FAE04EC0-301F-11D3-BF4B-00C04F79EFBC}") = "Microsoft.MixedReality.Toolkit.Demos.InspectorFields.Player", "Microsoft.MixedReality.Toolkit.Demos.InspectorFields.Player.csproj", "{AC63EBE7-128E-FD30-C475-A0A0498AB1A9}"
EndProject
Project("{FAE04EC0-301F-11D3-BF4B-00C04F79EFBC}") = "Microsoft.MixedReality.Toolkit.Extensions.HandPhysics.Player", "Microsoft.MixedReality.Toolkit.Extensions.HandPhysics.Player.csproj", "{DA19F478-0E11-9BB6-0B3C-07BBAF74FCDE}"
EndProject
Project("{FAE04EC0-301F-11D3-BF4B-00C04F79EFBC}") = "Microsoft.MixedReality.Toolkit.Async.Player", "Microsoft.MixedReality.Toolkit.Async.Player.csproj", "{71A7BF34-8E17-F8AA-87FB-7C40B7890803}"
EndProject
Project("{FAE04EC0-301F-11D3-BF4B-00C04F79EFBC}") = "Microsoft.MixedReality.Toolkit.Providers.WindowsMixedReality.Player", "Microsoft.MixedReality.Toolkit.Providers.WindowsMixedReality.Player.csproj", "{CB6607B2-6A1E-E789-F581-855AD50EA17B}"
EndProject
Project("{FAE04EC0-301F-11D3-BF4B-00C04F79EFBC}") = "Microsoft.MixedReality.Toolkit.Demos.Gltf.Player", "Microsoft.MixedReality.Toolkit.Demos.Gltf.Player.csproj", "{53C2C953-EA73-B813-FA30-4100A2DD3117}"
EndProject
Project("{FAE04EC0-301F-11D3-BF4B-00C04F79EFBC}") = "Microsoft.MixedReality.Toolkit.Demos.UX.Interactables.Player", "Microsoft.MixedReality.Toolkit.Demos.UX.Interactables.Player.csproj", "{AE770AE1-4D7A-3220-1624-FD76E7F2B773}"
EndProject
Project("{FAE04EC0-301F-11D3-BF4B-00C04F79EFBC}") = "Microsoft.MixedReality.Toolkit.Providers.WindowsMixedReality.Shared.Player", "Microsoft.MixedReality.Toolkit.Providers.WindowsMixedReality.Shared.Player.csproj", "{63A1A114-E7BC-3AE3-5C6E-4BD2A085B73A}"
EndProject
Project("{FAE04EC0-301F-11D3-BF4B-00C04F79EFBC}") = "Microsoft.MixedReality.Toolkit.Services.TeleportSystem.Player", "Microsoft.MixedReality.Toolkit.Services.TeleportSystem.Player.csproj", "{09B7D19C-D603-94A7-6511-2970C3BE8708}"
EndProject
Project("{FAE04EC0-301F-11D3-BF4B-00C04F79EFBC}") = "Microsoft.MixedReality.Toolkit.Providers.XRSDK.Player", "Microsoft.MixedReality.Toolkit.Providers.XRSDK.Player.csproj", "{250D9C9D-87C9-FC05-8DF1-70444DEF1D54}"
EndProject
Project("{FAE04EC0-301F-11D3-BF4B-00C04F79EFBC}") = "Microsoft.MixedReality.Toolkit.Services.CameraSystem.Player", "Microsoft.MixedReality.Toolkit.Services.CameraSystem.Player.csproj", "{E85408AB-BD06-3393-EA13-9BB291B52A4D}"
EndProject
Project("{FAE04EC0-301F-11D3-BF4B-00C04F79EFBC}") = "Microsoft.MixedReality.Toolkit.Services.BoundarySystem.Player", "Microsoft.MixedReality.Toolkit.Services.BoundarySystem.Player.csproj", "{553B34A8-321C-F187-21A8-61C2784BE429}"
EndProject
Global
	GlobalSection(SolutionConfigurationPlatforms) = preSolution
		Debug|Any CPU = Debug|Any CPU
		Release|Any CPU = Release|Any CPU
	EndGlobalSection
	GlobalSection(ProjectConfigurationPlatforms) = postSolution
		{1CD68003-54B2-A7EB-081B-73C94DD909EC}.Debug|Any CPU.ActiveCfg = Debug|Any CPU
		{1CD68003-54B2-A7EB-081B-73C94DD909EC}.Debug|Any CPU.Build.0 = Debug|Any CPU
		{1CD68003-54B2-A7EB-081B-73C94DD909EC}.Release|Any CPU.ActiveCfg = Release|Any CPU
		{1CD68003-54B2-A7EB-081B-73C94DD909EC}.Release|Any CPU.Build.0 = Release|Any CPU
		{90814958-DFAA-5B4B-4A96-AA33D70AA047}.Debug|Any CPU.ActiveCfg = Debug|Any CPU
		{90814958-DFAA-5B4B-4A96-AA33D70AA047}.Debug|Any CPU.Build.0 = Debug|Any CPU
		{90814958-DFAA-5B4B-4A96-AA33D70AA047}.Release|Any CPU.ActiveCfg = Release|Any CPU
		{90814958-DFAA-5B4B-4A96-AA33D70AA047}.Release|Any CPU.Build.0 = Release|Any CPU
		{17B33AAE-A21D-90CE-DA02-44A6587840DF}.Debug|Any CPU.ActiveCfg = Debug|Any CPU
		{17B33AAE-A21D-90CE-DA02-44A6587840DF}.Debug|Any CPU.Build.0 = Debug|Any CPU
		{17B33AAE-A21D-90CE-DA02-44A6587840DF}.Release|Any CPU.ActiveCfg = Release|Any CPU
		{17B33AAE-A21D-90CE-DA02-44A6587840DF}.Release|Any CPU.Build.0 = Release|Any CPU
		{248A3DB4-9050-D909-6FFE-C58EB86DEBD1}.Debug|Any CPU.ActiveCfg = Debug|Any CPU
		{248A3DB4-9050-D909-6FFE-C58EB86DEBD1}.Debug|Any CPU.Build.0 = Debug|Any CPU
		{248A3DB4-9050-D909-6FFE-C58EB86DEBD1}.Release|Any CPU.ActiveCfg = Release|Any CPU
		{248A3DB4-9050-D909-6FFE-C58EB86DEBD1}.Release|Any CPU.Build.0 = Release|Any CPU
		{D1450E85-8D03-3086-1CD9-9811B3699DAD}.Debug|Any CPU.ActiveCfg = Debug|Any CPU
		{D1450E85-8D03-3086-1CD9-9811B3699DAD}.Debug|Any CPU.Build.0 = Debug|Any CPU
		{D1450E85-8D03-3086-1CD9-9811B3699DAD}.Release|Any CPU.ActiveCfg = Release|Any CPU
		{D1450E85-8D03-3086-1CD9-9811B3699DAD}.Release|Any CPU.Build.0 = Release|Any CPU
		{B8E563C5-771F-0C1F-04B0-F1F0465DBB23}.Debug|Any CPU.ActiveCfg = Debug|Any CPU
		{B8E563C5-771F-0C1F-04B0-F1F0465DBB23}.Debug|Any CPU.Build.0 = Debug|Any CPU
		{B8E563C5-771F-0C1F-04B0-F1F0465DBB23}.Release|Any CPU.ActiveCfg = Release|Any CPU
		{B8E563C5-771F-0C1F-04B0-F1F0465DBB23}.Release|Any CPU.Build.0 = Release|Any CPU
		{8E880BAA-9CF9-9953-8256-F900DB0D3A2D}.Debug|Any CPU.ActiveCfg = Debug|Any CPU
		{8E880BAA-9CF9-9953-8256-F900DB0D3A2D}.Debug|Any CPU.Build.0 = Debug|Any CPU
		{8E880BAA-9CF9-9953-8256-F900DB0D3A2D}.Release|Any CPU.ActiveCfg = Release|Any CPU
		{8E880BAA-9CF9-9953-8256-F900DB0D3A2D}.Release|Any CPU.Build.0 = Release|Any CPU
		{ABA04186-DD62-7059-84EB-0FFBEE8204BA}.Debug|Any CPU.ActiveCfg = Debug|Any CPU
		{ABA04186-DD62-7059-84EB-0FFBEE8204BA}.Debug|Any CPU.Build.0 = Debug|Any CPU
		{ABA04186-DD62-7059-84EB-0FFBEE8204BA}.Release|Any CPU.ActiveCfg = Release|Any CPU
		{ABA04186-DD62-7059-84EB-0FFBEE8204BA}.Release|Any CPU.Build.0 = Release|Any CPU
		{F97827B8-A89E-23E3-AFF8-05B6FBD66AA0}.Debug|Any CPU.ActiveCfg = Debug|Any CPU
		{F97827B8-A89E-23E3-AFF8-05B6FBD66AA0}.Debug|Any CPU.Build.0 = Debug|Any CPU
		{F97827B8-A89E-23E3-AFF8-05B6FBD66AA0}.Release|Any CPU.ActiveCfg = Release|Any CPU
		{F97827B8-A89E-23E3-AFF8-05B6FBD66AA0}.Release|Any CPU.Build.0 = Release|Any CPU
		{8573DA8F-3571-95FF-FBDC-D5D3C54AE6E5}.Debug|Any CPU.ActiveCfg = Debug|Any CPU
		{8573DA8F-3571-95FF-FBDC-D5D3C54AE6E5}.Debug|Any CPU.Build.0 = Debug|Any CPU
		{8573DA8F-3571-95FF-FBDC-D5D3C54AE6E5}.Release|Any CPU.ActiveCfg = Release|Any CPU
		{8573DA8F-3571-95FF-FBDC-D5D3C54AE6E5}.Release|Any CPU.Build.0 = Release|Any CPU
		{D8977B95-2D89-21ED-E66F-1C06265FFB40}.Debug|Any CPU.ActiveCfg = Debug|Any CPU
		{D8977B95-2D89-21ED-E66F-1C06265FFB40}.Debug|Any CPU.Build.0 = Debug|Any CPU
		{D8977B95-2D89-21ED-E66F-1C06265FFB40}.Release|Any CPU.ActiveCfg = Release|Any CPU
		{D8977B95-2D89-21ED-E66F-1C06265FFB40}.Release|Any CPU.Build.0 = Release|Any CPU
		{9098B18F-CBC7-019B-9706-27CBFC09BDBC}.Debug|Any CPU.ActiveCfg = Debug|Any CPU
		{9098B18F-CBC7-019B-9706-27CBFC09BDBC}.Debug|Any CPU.Build.0 = Debug|Any CPU
		{9098B18F-CBC7-019B-9706-27CBFC09BDBC}.Release|Any CPU.ActiveCfg = Release|Any CPU
		{9098B18F-CBC7-019B-9706-27CBFC09BDBC}.Release|Any CPU.Build.0 = Release|Any CPU
		{16CC7CE2-A755-146B-CD32-25EBFE01C77B}.Debug|Any CPU.ActiveCfg = Debug|Any CPU
		{16CC7CE2-A755-146B-CD32-25EBFE01C77B}.Debug|Any CPU.Build.0 = Debug|Any CPU
		{16CC7CE2-A755-146B-CD32-25EBFE01C77B}.Release|Any CPU.ActiveCfg = Release|Any CPU
		{16CC7CE2-A755-146B-CD32-25EBFE01C77B}.Release|Any CPU.Build.0 = Release|Any CPU
		{E7616D58-6FB9-EAD2-8A25-192B649272FA}.Debug|Any CPU.ActiveCfg = Debug|Any CPU
		{E7616D58-6FB9-EAD2-8A25-192B649272FA}.Debug|Any CPU.Build.0 = Debug|Any CPU
		{E7616D58-6FB9-EAD2-8A25-192B649272FA}.Release|Any CPU.ActiveCfg = Release|Any CPU
		{E7616D58-6FB9-EAD2-8A25-192B649272FA}.Release|Any CPU.Build.0 = Release|Any CPU
		{25BDA239-9A65-C9F2-4A53-216FD0CFB3B7}.Debug|Any CPU.ActiveCfg = Debug|Any CPU
		{25BDA239-9A65-C9F2-4A53-216FD0CFB3B7}.Debug|Any CPU.Build.0 = Debug|Any CPU
		{25BDA239-9A65-C9F2-4A53-216FD0CFB3B7}.Release|Any CPU.ActiveCfg = Release|Any CPU
		{25BDA239-9A65-C9F2-4A53-216FD0CFB3B7}.Release|Any CPU.Build.0 = Release|Any CPU
		{B7CD3F8F-D67B-F41A-DA12-F5D7D12800C7}.Debug|Any CPU.ActiveCfg = Debug|Any CPU
		{B7CD3F8F-D67B-F41A-DA12-F5D7D12800C7}.Debug|Any CPU.Build.0 = Debug|Any CPU
		{B7CD3F8F-D67B-F41A-DA12-F5D7D12800C7}.Release|Any CPU.ActiveCfg = Release|Any CPU
		{B7CD3F8F-D67B-F41A-DA12-F5D7D12800C7}.Release|Any CPU.Build.0 = Release|Any CPU
		{F0756EEE-C787-E4C2-2232-78F35AFD075B}.Debug|Any CPU.ActiveCfg = Debug|Any CPU
		{F0756EEE-C787-E4C2-2232-78F35AFD075B}.Debug|Any CPU.Build.0 = Debug|Any CPU
		{F0756EEE-C787-E4C2-2232-78F35AFD075B}.Release|Any CPU.ActiveCfg = Release|Any CPU
		{F0756EEE-C787-E4C2-2232-78F35AFD075B}.Release|Any CPU.Build.0 = Release|Any CPU
		{164204AC-3311-E08F-2D72-5293DAC38230}.Debug|Any CPU.ActiveCfg = Debug|Any CPU
		{164204AC-3311-E08F-2D72-5293DAC38230}.Debug|Any CPU.Build.0 = Debug|Any CPU
		{164204AC-3311-E08F-2D72-5293DAC38230}.Release|Any CPU.ActiveCfg = Release|Any CPU
		{164204AC-3311-E08F-2D72-5293DAC38230}.Release|Any CPU.Build.0 = Release|Any CPU
		{C4FFA435-834C-0E24-D12A-BDED7E2AD72D}.Debug|Any CPU.ActiveCfg = Debug|Any CPU
		{C4FFA435-834C-0E24-D12A-BDED7E2AD72D}.Debug|Any CPU.Build.0 = Debug|Any CPU
		{C4FFA435-834C-0E24-D12A-BDED7E2AD72D}.Release|Any CPU.ActiveCfg = Release|Any CPU
		{C4FFA435-834C-0E24-D12A-BDED7E2AD72D}.Release|Any CPU.Build.0 = Release|Any CPU
		{E8938CAB-2B0D-1083-D052-A126F8AC4C50}.Debug|Any CPU.ActiveCfg = Debug|Any CPU
		{E8938CAB-2B0D-1083-D052-A126F8AC4C50}.Debug|Any CPU.Build.0 = Debug|Any CPU
		{E8938CAB-2B0D-1083-D052-A126F8AC4C50}.Release|Any CPU.ActiveCfg = Release|Any CPU
		{E8938CAB-2B0D-1083-D052-A126F8AC4C50}.Release|Any CPU.Build.0 = Release|Any CPU
		{094320EC-D9AA-B7D8-A6E7-0492010461C7}.Debug|Any CPU.ActiveCfg = Debug|Any CPU
		{094320EC-D9AA-B7D8-A6E7-0492010461C7}.Debug|Any CPU.Build.0 = Debug|Any CPU
		{094320EC-D9AA-B7D8-A6E7-0492010461C7}.Release|Any CPU.ActiveCfg = Release|Any CPU
		{094320EC-D9AA-B7D8-A6E7-0492010461C7}.Release|Any CPU.Build.0 = Release|Any CPU
		{B384C88F-889F-B34E-D93F-030D7D2267BE}.Debug|Any CPU.ActiveCfg = Debug|Any CPU
		{B384C88F-889F-B34E-D93F-030D7D2267BE}.Debug|Any CPU.Build.0 = Debug|Any CPU
		{B384C88F-889F-B34E-D93F-030D7D2267BE}.Release|Any CPU.ActiveCfg = Release|Any CPU
		{B384C88F-889F-B34E-D93F-030D7D2267BE}.Release|Any CPU.Build.0 = Release|Any CPU
		{BCEA1B5A-44DA-993F-4765-0B0321F3839A}.Debug|Any CPU.ActiveCfg = Debug|Any CPU
		{BCEA1B5A-44DA-993F-4765-0B0321F3839A}.Debug|Any CPU.Build.0 = Debug|Any CPU
		{BCEA1B5A-44DA-993F-4765-0B0321F3839A}.Release|Any CPU.ActiveCfg = Release|Any CPU
		{BCEA1B5A-44DA-993F-4765-0B0321F3839A}.Release|Any CPU.Build.0 = Release|Any CPU
		{BEF9CD25-C725-9F6D-617D-BAF0CCA7B999}.Debug|Any CPU.ActiveCfg = Debug|Any CPU
		{BEF9CD25-C725-9F6D-617D-BAF0CCA7B999}.Debug|Any CPU.Build.0 = Debug|Any CPU
		{BEF9CD25-C725-9F6D-617D-BAF0CCA7B999}.Release|Any CPU.ActiveCfg = Release|Any CPU
		{BEF9CD25-C725-9F6D-617D-BAF0CCA7B999}.Release|Any CPU.Build.0 = Release|Any CPU
		{29446959-B16D-13A6-2FB5-DC1279E46083}.Debug|Any CPU.ActiveCfg = Debug|Any CPU
		{29446959-B16D-13A6-2FB5-DC1279E46083}.Debug|Any CPU.Build.0 = Debug|Any CPU
		{29446959-B16D-13A6-2FB5-DC1279E46083}.Release|Any CPU.ActiveCfg = Release|Any CPU
		{29446959-B16D-13A6-2FB5-DC1279E46083}.Release|Any CPU.Build.0 = Release|Any CPU
		{190148B4-FB93-D620-38FD-ADF906165497}.Debug|Any CPU.ActiveCfg = Debug|Any CPU
		{190148B4-FB93-D620-38FD-ADF906165497}.Debug|Any CPU.Build.0 = Debug|Any CPU
		{190148B4-FB93-D620-38FD-ADF906165497}.Release|Any CPU.ActiveCfg = Release|Any CPU
		{190148B4-FB93-D620-38FD-ADF906165497}.Release|Any CPU.Build.0 = Release|Any CPU
		{3D947A6B-27F6-410B-6E48-52494DB1E259}.Debug|Any CPU.ActiveCfg = Debug|Any CPU
		{3D947A6B-27F6-410B-6E48-52494DB1E259}.Debug|Any CPU.Build.0 = Debug|Any CPU
		{3D947A6B-27F6-410B-6E48-52494DB1E259}.Release|Any CPU.ActiveCfg = Release|Any CPU
		{3D947A6B-27F6-410B-6E48-52494DB1E259}.Release|Any CPU.Build.0 = Release|Any CPU
		{2A28E86A-B4EA-CD78-A1E2-D4D39ED06742}.Debug|Any CPU.ActiveCfg = Debug|Any CPU
		{2A28E86A-B4EA-CD78-A1E2-D4D39ED06742}.Debug|Any CPU.Build.0 = Debug|Any CPU
		{2A28E86A-B4EA-CD78-A1E2-D4D39ED06742}.Release|Any CPU.ActiveCfg = Release|Any CPU
		{2A28E86A-B4EA-CD78-A1E2-D4D39ED06742}.Release|Any CPU.Build.0 = Release|Any CPU
		{A047CAD1-B5AC-41E5-09E2-6B2FF4E9E83D}.Debug|Any CPU.ActiveCfg = Debug|Any CPU
		{A047CAD1-B5AC-41E5-09E2-6B2FF4E9E83D}.Debug|Any CPU.Build.0 = Debug|Any CPU
		{A047CAD1-B5AC-41E5-09E2-6B2FF4E9E83D}.Release|Any CPU.ActiveCfg = Release|Any CPU
		{A047CAD1-B5AC-41E5-09E2-6B2FF4E9E83D}.Release|Any CPU.Build.0 = Release|Any CPU
		{9914C17F-06EA-3FDF-39E9-D75E977AD737}.Debug|Any CPU.ActiveCfg = Debug|Any CPU
		{9914C17F-06EA-3FDF-39E9-D75E977AD737}.Debug|Any CPU.Build.0 = Debug|Any CPU
		{9914C17F-06EA-3FDF-39E9-D75E977AD737}.Release|Any CPU.ActiveCfg = Release|Any CPU
		{9914C17F-06EA-3FDF-39E9-D75E977AD737}.Release|Any CPU.Build.0 = Release|Any CPU
		{615BEE47-8B33-30AC-135A-48918C628E53}.Debug|Any CPU.ActiveCfg = Debug|Any CPU
		{615BEE47-8B33-30AC-135A-48918C628E53}.Debug|Any CPU.Build.0 = Debug|Any CPU
		{615BEE47-8B33-30AC-135A-48918C628E53}.Release|Any CPU.ActiveCfg = Release|Any CPU
		{615BEE47-8B33-30AC-135A-48918C628E53}.Release|Any CPU.Build.0 = Release|Any CPU
		{B5DF7F4E-85D0-EB06-0A8D-E60D0947A69C}.Debug|Any CPU.ActiveCfg = Debug|Any CPU
		{B5DF7F4E-85D0-EB06-0A8D-E60D0947A69C}.Debug|Any CPU.Build.0 = Debug|Any CPU
		{B5DF7F4E-85D0-EB06-0A8D-E60D0947A69C}.Release|Any CPU.ActiveCfg = Release|Any CPU
		{B5DF7F4E-85D0-EB06-0A8D-E60D0947A69C}.Release|Any CPU.Build.0 = Release|Any CPU
		{3F01BA36-87B5-D1D6-3E97-9E2E32925D80}.Debug|Any CPU.ActiveCfg = Debug|Any CPU
		{3F01BA36-87B5-D1D6-3E97-9E2E32925D80}.Debug|Any CPU.Build.0 = Debug|Any CPU
		{3F01BA36-87B5-D1D6-3E97-9E2E32925D80}.Release|Any CPU.ActiveCfg = Release|Any CPU
		{3F01BA36-87B5-D1D6-3E97-9E2E32925D80}.Release|Any CPU.Build.0 = Release|Any CPU
		{C7BCB009-7445-2DC7-9064-DFABBD0D9F60}.Debug|Any CPU.ActiveCfg = Debug|Any CPU
		{C7BCB009-7445-2DC7-9064-DFABBD0D9F60}.Debug|Any CPU.Build.0 = Debug|Any CPU
		{C7BCB009-7445-2DC7-9064-DFABBD0D9F60}.Release|Any CPU.ActiveCfg = Release|Any CPU
		{C7BCB009-7445-2DC7-9064-DFABBD0D9F60}.Release|Any CPU.Build.0 = Release|Any CPU
		{BE30E287-81C1-8EC8-8E74-6F0A30548318}.Debug|Any CPU.ActiveCfg = Debug|Any CPU
		{BE30E287-81C1-8EC8-8E74-6F0A30548318}.Debug|Any CPU.Build.0 = Debug|Any CPU
		{BE30E287-81C1-8EC8-8E74-6F0A30548318}.Release|Any CPU.ActiveCfg = Release|Any CPU
		{BE30E287-81C1-8EC8-8E74-6F0A30548318}.Release|Any CPU.Build.0 = Release|Any CPU
		{B7627734-EFCE-C0E6-998F-9C9284CDAB2E}.Debug|Any CPU.ActiveCfg = Debug|Any CPU
		{B7627734-EFCE-C0E6-998F-9C9284CDAB2E}.Debug|Any CPU.Build.0 = Debug|Any CPU
		{B7627734-EFCE-C0E6-998F-9C9284CDAB2E}.Release|Any CPU.ActiveCfg = Release|Any CPU
		{B7627734-EFCE-C0E6-998F-9C9284CDAB2E}.Release|Any CPU.Build.0 = Release|Any CPU
		{A3947F95-EF5A-1004-5469-C5CA74592B15}.Debug|Any CPU.ActiveCfg = Debug|Any CPU
		{A3947F95-EF5A-1004-5469-C5CA74592B15}.Debug|Any CPU.Build.0 = Debug|Any CPU
		{A3947F95-EF5A-1004-5469-C5CA74592B15}.Release|Any CPU.ActiveCfg = Release|Any CPU
		{A3947F95-EF5A-1004-5469-C5CA74592B15}.Release|Any CPU.Build.0 = Release|Any CPU
		{387BDCC8-E5F7-2E2B-1EBD-3679CF169792}.Debug|Any CPU.ActiveCfg = Debug|Any CPU
		{387BDCC8-E5F7-2E2B-1EBD-3679CF169792}.Debug|Any CPU.Build.0 = Debug|Any CPU
		{387BDCC8-E5F7-2E2B-1EBD-3679CF169792}.Release|Any CPU.ActiveCfg = Release|Any CPU
		{387BDCC8-E5F7-2E2B-1EBD-3679CF169792}.Release|Any CPU.Build.0 = Release|Any CPU
		{5F44E66B-22E9-0A72-747B-D6F89BF20B94}.Debug|Any CPU.ActiveCfg = Debug|Any CPU
		{5F44E66B-22E9-0A72-747B-D6F89BF20B94}.Debug|Any CPU.Build.0 = Debug|Any CPU
		{5F44E66B-22E9-0A72-747B-D6F89BF20B94}.Release|Any CPU.ActiveCfg = Release|Any CPU
		{5F44E66B-22E9-0A72-747B-D6F89BF20B94}.Release|Any CPU.Build.0 = Release|Any CPU
		{E1E8FB3B-24BF-374F-4BC5-169F1647D6B9}.Debug|Any CPU.ActiveCfg = Debug|Any CPU
		{E1E8FB3B-24BF-374F-4BC5-169F1647D6B9}.Debug|Any CPU.Build.0 = Debug|Any CPU
		{E1E8FB3B-24BF-374F-4BC5-169F1647D6B9}.Release|Any CPU.ActiveCfg = Release|Any CPU
		{E1E8FB3B-24BF-374F-4BC5-169F1647D6B9}.Release|Any CPU.Build.0 = Release|Any CPU
		{A91F3E0F-1A28-A529-8455-D5F870D96F8B}.Debug|Any CPU.ActiveCfg = Debug|Any CPU
		{A91F3E0F-1A28-A529-8455-D5F870D96F8B}.Debug|Any CPU.Build.0 = Debug|Any CPU
		{A91F3E0F-1A28-A529-8455-D5F870D96F8B}.Release|Any CPU.ActiveCfg = Release|Any CPU
		{A91F3E0F-1A28-A529-8455-D5F870D96F8B}.Release|Any CPU.Build.0 = Release|Any CPU
		{45B2A442-8BD5-C14B-7835-0C5BBF3BFBC8}.Debug|Any CPU.ActiveCfg = Debug|Any CPU
		{45B2A442-8BD5-C14B-7835-0C5BBF3BFBC8}.Debug|Any CPU.Build.0 = Debug|Any CPU
		{45B2A442-8BD5-C14B-7835-0C5BBF3BFBC8}.Release|Any CPU.ActiveCfg = Release|Any CPU
		{45B2A442-8BD5-C14B-7835-0C5BBF3BFBC8}.Release|Any CPU.Build.0 = Release|Any CPU
		{B36EE1F1-77A8-223A-C247-EDD73B4CD1D1}.Debug|Any CPU.ActiveCfg = Debug|Any CPU
		{B36EE1F1-77A8-223A-C247-EDD73B4CD1D1}.Debug|Any CPU.Build.0 = Debug|Any CPU
		{B36EE1F1-77A8-223A-C247-EDD73B4CD1D1}.Release|Any CPU.ActiveCfg = Release|Any CPU
		{B36EE1F1-77A8-223A-C247-EDD73B4CD1D1}.Release|Any CPU.Build.0 = Release|Any CPU
		{A58AA9DA-0373-2085-538C-017CB0248922}.Debug|Any CPU.ActiveCfg = Debug|Any CPU
		{A58AA9DA-0373-2085-538C-017CB0248922}.Debug|Any CPU.Build.0 = Debug|Any CPU
		{A58AA9DA-0373-2085-538C-017CB0248922}.Release|Any CPU.ActiveCfg = Release|Any CPU
		{A58AA9DA-0373-2085-538C-017CB0248922}.Release|Any CPU.Build.0 = Release|Any CPU
		{D690078F-A105-1245-37AA-5A002C32389B}.Debug|Any CPU.ActiveCfg = Debug|Any CPU
		{D690078F-A105-1245-37AA-5A002C32389B}.Debug|Any CPU.Build.0 = Debug|Any CPU
		{D690078F-A105-1245-37AA-5A002C32389B}.Release|Any CPU.ActiveCfg = Release|Any CPU
		{D690078F-A105-1245-37AA-5A002C32389B}.Release|Any CPU.Build.0 = Release|Any CPU
		{9544E61F-F318-5064-E2D3-DCB621FED4CA}.Debug|Any CPU.ActiveCfg = Debug|Any CPU
		{9544E61F-F318-5064-E2D3-DCB621FED4CA}.Debug|Any CPU.Build.0 = Debug|Any CPU
		{9544E61F-F318-5064-E2D3-DCB621FED4CA}.Release|Any CPU.ActiveCfg = Release|Any CPU
		{9544E61F-F318-5064-E2D3-DCB621FED4CA}.Release|Any CPU.Build.0 = Release|Any CPU
		{65ABBFB1-3EAE-1EA4-A707-12C538CA0F78}.Debug|Any CPU.ActiveCfg = Debug|Any CPU
		{65ABBFB1-3EAE-1EA4-A707-12C538CA0F78}.Debug|Any CPU.Build.0 = Debug|Any CPU
		{65ABBFB1-3EAE-1EA4-A707-12C538CA0F78}.Release|Any CPU.ActiveCfg = Release|Any CPU
		{65ABBFB1-3EAE-1EA4-A707-12C538CA0F78}.Release|Any CPU.Build.0 = Release|Any CPU
		{6E249DDD-E2A2-4281-0867-4E76C3A152F3}.Debug|Any CPU.ActiveCfg = Debug|Any CPU
		{6E249DDD-E2A2-4281-0867-4E76C3A152F3}.Debug|Any CPU.Build.0 = Debug|Any CPU
		{6E249DDD-E2A2-4281-0867-4E76C3A152F3}.Release|Any CPU.ActiveCfg = Release|Any CPU
		{6E249DDD-E2A2-4281-0867-4E76C3A152F3}.Release|Any CPU.Build.0 = Release|Any CPU
		{3A8D9795-416F-D2AF-4758-07422949C8A4}.Debug|Any CPU.ActiveCfg = Debug|Any CPU
		{3A8D9795-416F-D2AF-4758-07422949C8A4}.Debug|Any CPU.Build.0 = Debug|Any CPU
		{3A8D9795-416F-D2AF-4758-07422949C8A4}.Release|Any CPU.ActiveCfg = Release|Any CPU
		{3A8D9795-416F-D2AF-4758-07422949C8A4}.Release|Any CPU.Build.0 = Release|Any CPU
		{85F8B528-0172-D207-5EF4-2BFD00BD3F41}.Debug|Any CPU.ActiveCfg = Debug|Any CPU
		{85F8B528-0172-D207-5EF4-2BFD00BD3F41}.Debug|Any CPU.Build.0 = Debug|Any CPU
		{85F8B528-0172-D207-5EF4-2BFD00BD3F41}.Release|Any CPU.ActiveCfg = Release|Any CPU
		{85F8B528-0172-D207-5EF4-2BFD00BD3F41}.Release|Any CPU.Build.0 = Release|Any CPU
		{FB131FCB-ADEB-0B9C-933A-77BD69A28FCA}.Debug|Any CPU.ActiveCfg = Debug|Any CPU
		{FB131FCB-ADEB-0B9C-933A-77BD69A28FCA}.Debug|Any CPU.Build.0 = Debug|Any CPU
		{FB131FCB-ADEB-0B9C-933A-77BD69A28FCA}.Release|Any CPU.ActiveCfg = Release|Any CPU
		{FB131FCB-ADEB-0B9C-933A-77BD69A28FCA}.Release|Any CPU.Build.0 = Release|Any CPU
		{19BC5D9B-DFDA-69FE-EAB9-3700B5C672B1}.Debug|Any CPU.ActiveCfg = Debug|Any CPU
		{19BC5D9B-DFDA-69FE-EAB9-3700B5C672B1}.Debug|Any CPU.Build.0 = Debug|Any CPU
		{19BC5D9B-DFDA-69FE-EAB9-3700B5C672B1}.Release|Any CPU.ActiveCfg = Release|Any CPU
		{19BC5D9B-DFDA-69FE-EAB9-3700B5C672B1}.Release|Any CPU.Build.0 = Release|Any CPU
		{C95F872D-287B-9846-7C7F-D506FB5EC2CF}.Debug|Any CPU.ActiveCfg = Debug|Any CPU
		{C95F872D-287B-9846-7C7F-D506FB5EC2CF}.Debug|Any CPU.Build.0 = Debug|Any CPU
		{C95F872D-287B-9846-7C7F-D506FB5EC2CF}.Release|Any CPU.ActiveCfg = Release|Any CPU
		{C95F872D-287B-9846-7C7F-D506FB5EC2CF}.Release|Any CPU.Build.0 = Release|Any CPU
		{F0375045-ADF9-FE6C-D3E0-8BA7A68A6247}.Debug|Any CPU.ActiveCfg = Debug|Any CPU
		{F0375045-ADF9-FE6C-D3E0-8BA7A68A6247}.Debug|Any CPU.Build.0 = Debug|Any CPU
		{F0375045-ADF9-FE6C-D3E0-8BA7A68A6247}.Release|Any CPU.ActiveCfg = Release|Any CPU
		{F0375045-ADF9-FE6C-D3E0-8BA7A68A6247}.Release|Any CPU.Build.0 = Release|Any CPU
		{64B4EAA5-8AA2-5850-8A28-43DF4A8FEFDB}.Debug|Any CPU.ActiveCfg = Debug|Any CPU
		{64B4EAA5-8AA2-5850-8A28-43DF4A8FEFDB}.Debug|Any CPU.Build.0 = Debug|Any CPU
		{64B4EAA5-8AA2-5850-8A28-43DF4A8FEFDB}.Release|Any CPU.ActiveCfg = Release|Any CPU
		{64B4EAA5-8AA2-5850-8A28-43DF4A8FEFDB}.Release|Any CPU.Build.0 = Release|Any CPU
		{ECBB42D1-A9C2-40B6-41A6-BA9CA760A185}.Debug|Any CPU.ActiveCfg = Debug|Any CPU
		{ECBB42D1-A9C2-40B6-41A6-BA9CA760A185}.Debug|Any CPU.Build.0 = Debug|Any CPU
		{ECBB42D1-A9C2-40B6-41A6-BA9CA760A185}.Release|Any CPU.ActiveCfg = Release|Any CPU
		{ECBB42D1-A9C2-40B6-41A6-BA9CA760A185}.Release|Any CPU.Build.0 = Release|Any CPU
		{00A402B2-92CC-B026-7261-3E1E45D0DAF8}.Debug|Any CPU.ActiveCfg = Debug|Any CPU
		{00A402B2-92CC-B026-7261-3E1E45D0DAF8}.Debug|Any CPU.Build.0 = Debug|Any CPU
		{00A402B2-92CC-B026-7261-3E1E45D0DAF8}.Release|Any CPU.ActiveCfg = Release|Any CPU
		{00A402B2-92CC-B026-7261-3E1E45D0DAF8}.Release|Any CPU.Build.0 = Release|Any CPU
		{727B8E52-3D66-AE7B-BD38-F9D8FD88DD56}.Debug|Any CPU.ActiveCfg = Debug|Any CPU
		{727B8E52-3D66-AE7B-BD38-F9D8FD88DD56}.Debug|Any CPU.Build.0 = Debug|Any CPU
		{727B8E52-3D66-AE7B-BD38-F9D8FD88DD56}.Release|Any CPU.ActiveCfg = Release|Any CPU
		{727B8E52-3D66-AE7B-BD38-F9D8FD88DD56}.Release|Any CPU.Build.0 = Release|Any CPU
		{37CDCF3F-0389-B63F-5625-A1C74B87B5B7}.Debug|Any CPU.ActiveCfg = Debug|Any CPU
		{37CDCF3F-0389-B63F-5625-A1C74B87B5B7}.Debug|Any CPU.Build.0 = Debug|Any CPU
		{37CDCF3F-0389-B63F-5625-A1C74B87B5B7}.Release|Any CPU.ActiveCfg = Release|Any CPU
		{37CDCF3F-0389-B63F-5625-A1C74B87B5B7}.Release|Any CPU.Build.0 = Release|Any CPU
		{BA2FB561-2A3F-E7AB-3761-5B90784852F5}.Debug|Any CPU.ActiveCfg = Debug|Any CPU
		{BA2FB561-2A3F-E7AB-3761-5B90784852F5}.Debug|Any CPU.Build.0 = Debug|Any CPU
		{BA2FB561-2A3F-E7AB-3761-5B90784852F5}.Release|Any CPU.ActiveCfg = Release|Any CPU
		{BA2FB561-2A3F-E7AB-3761-5B90784852F5}.Release|Any CPU.Build.0 = Release|Any CPU
		{F1CA471D-22AC-18A9-132D-9C670FF66678}.Debug|Any CPU.ActiveCfg = Debug|Any CPU
		{F1CA471D-22AC-18A9-132D-9C670FF66678}.Debug|Any CPU.Build.0 = Debug|Any CPU
		{F1CA471D-22AC-18A9-132D-9C670FF66678}.Release|Any CPU.ActiveCfg = Release|Any CPU
		{F1CA471D-22AC-18A9-132D-9C670FF66678}.Release|Any CPU.Build.0 = Release|Any CPU
		{66217A69-78AD-E46C-9633-3D65858A29B5}.Debug|Any CPU.ActiveCfg = Debug|Any CPU
		{66217A69-78AD-E46C-9633-3D65858A29B5}.Debug|Any CPU.Build.0 = Debug|Any CPU
		{66217A69-78AD-E46C-9633-3D65858A29B5}.Release|Any CPU.ActiveCfg = Release|Any CPU
		{66217A69-78AD-E46C-9633-3D65858A29B5}.Release|Any CPU.Build.0 = Release|Any CPU
		{31AC8158-7C83-018B-709E-1EF63B6E8227}.Debug|Any CPU.ActiveCfg = Debug|Any CPU
		{31AC8158-7C83-018B-709E-1EF63B6E8227}.Debug|Any CPU.Build.0 = Debug|Any CPU
		{31AC8158-7C83-018B-709E-1EF63B6E8227}.Release|Any CPU.ActiveCfg = Release|Any CPU
		{31AC8158-7C83-018B-709E-1EF63B6E8227}.Release|Any CPU.Build.0 = Release|Any CPU
		{C05B3382-221F-81EE-D922-1D4566EE5271}.Debug|Any CPU.ActiveCfg = Debug|Any CPU
		{C05B3382-221F-81EE-D922-1D4566EE5271}.Debug|Any CPU.Build.0 = Debug|Any CPU
		{C05B3382-221F-81EE-D922-1D4566EE5271}.Release|Any CPU.ActiveCfg = Release|Any CPU
		{C05B3382-221F-81EE-D922-1D4566EE5271}.Release|Any CPU.Build.0 = Release|Any CPU
		{811FDE3E-F9F4-7C15-A875-F2B2FCD75F42}.Debug|Any CPU.ActiveCfg = Debug|Any CPU
		{811FDE3E-F9F4-7C15-A875-F2B2FCD75F42}.Debug|Any CPU.Build.0 = Debug|Any CPU
		{811FDE3E-F9F4-7C15-A875-F2B2FCD75F42}.Release|Any CPU.ActiveCfg = Release|Any CPU
		{811FDE3E-F9F4-7C15-A875-F2B2FCD75F42}.Release|Any CPU.Build.0 = Release|Any CPU
		{1D02E31F-51C1-523C-5B60-68B5D4D47551}.Debug|Any CPU.ActiveCfg = Debug|Any CPU
		{1D02E31F-51C1-523C-5B60-68B5D4D47551}.Debug|Any CPU.Build.0 = Debug|Any CPU
		{1D02E31F-51C1-523C-5B60-68B5D4D47551}.Release|Any CPU.ActiveCfg = Release|Any CPU
		{1D02E31F-51C1-523C-5B60-68B5D4D47551}.Release|Any CPU.Build.0 = Release|Any CPU
		{869985E5-76C4-5DD2-0A5C-5E6D345C179E}.Debug|Any CPU.ActiveCfg = Debug|Any CPU
		{869985E5-76C4-5DD2-0A5C-5E6D345C179E}.Debug|Any CPU.Build.0 = Debug|Any CPU
		{869985E5-76C4-5DD2-0A5C-5E6D345C179E}.Release|Any CPU.ActiveCfg = Release|Any CPU
		{869985E5-76C4-5DD2-0A5C-5E6D345C179E}.Release|Any CPU.Build.0 = Release|Any CPU
		{D35AB74B-780F-6F44-D4E3-4223C8C8DC8D}.Debug|Any CPU.ActiveCfg = Debug|Any CPU
		{D35AB74B-780F-6F44-D4E3-4223C8C8DC8D}.Debug|Any CPU.Build.0 = Debug|Any CPU
		{D35AB74B-780F-6F44-D4E3-4223C8C8DC8D}.Release|Any CPU.ActiveCfg = Release|Any CPU
		{D35AB74B-780F-6F44-D4E3-4223C8C8DC8D}.Release|Any CPU.Build.0 = Release|Any CPU
		{466C101C-775C-9DA1-FFE6-1FC7E8A31A1B}.Debug|Any CPU.ActiveCfg = Debug|Any CPU
		{466C101C-775C-9DA1-FFE6-1FC7E8A31A1B}.Debug|Any CPU.Build.0 = Debug|Any CPU
		{466C101C-775C-9DA1-FFE6-1FC7E8A31A1B}.Release|Any CPU.ActiveCfg = Release|Any CPU
		{466C101C-775C-9DA1-FFE6-1FC7E8A31A1B}.Release|Any CPU.Build.0 = Release|Any CPU
		{F2BCBB74-6AC0-BB8F-3C3A-0A17D53927D9}.Debug|Any CPU.ActiveCfg = Debug|Any CPU
		{F2BCBB74-6AC0-BB8F-3C3A-0A17D53927D9}.Debug|Any CPU.Build.0 = Debug|Any CPU
		{F2BCBB74-6AC0-BB8F-3C3A-0A17D53927D9}.Release|Any CPU.ActiveCfg = Release|Any CPU
		{F2BCBB74-6AC0-BB8F-3C3A-0A17D53927D9}.Release|Any CPU.Build.0 = Release|Any CPU
		{83F5DC8B-F4E3-DE24-5B63-E900B5A94812}.Debug|Any CPU.ActiveCfg = Debug|Any CPU
		{83F5DC8B-F4E3-DE24-5B63-E900B5A94812}.Debug|Any CPU.Build.0 = Debug|Any CPU
		{83F5DC8B-F4E3-DE24-5B63-E900B5A94812}.Release|Any CPU.ActiveCfg = Release|Any CPU
		{83F5DC8B-F4E3-DE24-5B63-E900B5A94812}.Release|Any CPU.Build.0 = Release|Any CPU
		{C4128F00-F8C6-F193-EEA8-D14C50522E9B}.Debug|Any CPU.ActiveCfg = Debug|Any CPU
		{C4128F00-F8C6-F193-EEA8-D14C50522E9B}.Debug|Any CPU.Build.0 = Debug|Any CPU
		{C4128F00-F8C6-F193-EEA8-D14C50522E9B}.Release|Any CPU.ActiveCfg = Release|Any CPU
		{C4128F00-F8C6-F193-EEA8-D14C50522E9B}.Release|Any CPU.Build.0 = Release|Any CPU
		{D90CE579-1DB1-9FC7-8189-451F996ACB27}.Debug|Any CPU.ActiveCfg = Debug|Any CPU
		{D90CE579-1DB1-9FC7-8189-451F996ACB27}.Debug|Any CPU.Build.0 = Debug|Any CPU
		{D90CE579-1DB1-9FC7-8189-451F996ACB27}.Release|Any CPU.ActiveCfg = Release|Any CPU
		{D90CE579-1DB1-9FC7-8189-451F996ACB27}.Release|Any CPU.Build.0 = Release|Any CPU
		{AC63EBE7-128E-FD30-C475-A0A0498AB1A9}.Debug|Any CPU.ActiveCfg = Debug|Any CPU
		{AC63EBE7-128E-FD30-C475-A0A0498AB1A9}.Debug|Any CPU.Build.0 = Debug|Any CPU
		{AC63EBE7-128E-FD30-C475-A0A0498AB1A9}.Release|Any CPU.ActiveCfg = Release|Any CPU
		{AC63EBE7-128E-FD30-C475-A0A0498AB1A9}.Release|Any CPU.Build.0 = Release|Any CPU
		{DA19F478-0E11-9BB6-0B3C-07BBAF74FCDE}.Debug|Any CPU.ActiveCfg = Debug|Any CPU
		{DA19F478-0E11-9BB6-0B3C-07BBAF74FCDE}.Debug|Any CPU.Build.0 = Debug|Any CPU
		{DA19F478-0E11-9BB6-0B3C-07BBAF74FCDE}.Release|Any CPU.ActiveCfg = Release|Any CPU
		{DA19F478-0E11-9BB6-0B3C-07BBAF74FCDE}.Release|Any CPU.Build.0 = Release|Any CPU
		{71A7BF34-8E17-F8AA-87FB-7C40B7890803}.Debug|Any CPU.ActiveCfg = Debug|Any CPU
		{71A7BF34-8E17-F8AA-87FB-7C40B7890803}.Debug|Any CPU.Build.0 = Debug|Any CPU
		{71A7BF34-8E17-F8AA-87FB-7C40B7890803}.Release|Any CPU.ActiveCfg = Release|Any CPU
		{71A7BF34-8E17-F8AA-87FB-7C40B7890803}.Release|Any CPU.Build.0 = Release|Any CPU
		{CB6607B2-6A1E-E789-F581-855AD50EA17B}.Debug|Any CPU.ActiveCfg = Debug|Any CPU
		{CB6607B2-6A1E-E789-F581-855AD50EA17B}.Debug|Any CPU.Build.0 = Debug|Any CPU
		{CB6607B2-6A1E-E789-F581-855AD50EA17B}.Release|Any CPU.ActiveCfg = Release|Any CPU
		{CB6607B2-6A1E-E789-F581-855AD50EA17B}.Release|Any CPU.Build.0 = Release|Any CPU
		{53C2C953-EA73-B813-FA30-4100A2DD3117}.Debug|Any CPU.ActiveCfg = Debug|Any CPU
		{53C2C953-EA73-B813-FA30-4100A2DD3117}.Debug|Any CPU.Build.0 = Debug|Any CPU
		{53C2C953-EA73-B813-FA30-4100A2DD3117}.Release|Any CPU.ActiveCfg = Release|Any CPU
		{53C2C953-EA73-B813-FA30-4100A2DD3117}.Release|Any CPU.Build.0 = Release|Any CPU
		{AE770AE1-4D7A-3220-1624-FD76E7F2B773}.Debug|Any CPU.ActiveCfg = Debug|Any CPU
		{AE770AE1-4D7A-3220-1624-FD76E7F2B773}.Debug|Any CPU.Build.0 = Debug|Any CPU
		{AE770AE1-4D7A-3220-1624-FD76E7F2B773}.Release|Any CPU.ActiveCfg = Release|Any CPU
		{AE770AE1-4D7A-3220-1624-FD76E7F2B773}.Release|Any CPU.Build.0 = Release|Any CPU
		{63A1A114-E7BC-3AE3-5C6E-4BD2A085B73A}.Debug|Any CPU.ActiveCfg = Debug|Any CPU
		{63A1A114-E7BC-3AE3-5C6E-4BD2A085B73A}.Debug|Any CPU.Build.0 = Debug|Any CPU
		{63A1A114-E7BC-3AE3-5C6E-4BD2A085B73A}.Release|Any CPU.ActiveCfg = Release|Any CPU
		{63A1A114-E7BC-3AE3-5C6E-4BD2A085B73A}.Release|Any CPU.Build.0 = Release|Any CPU
		{09B7D19C-D603-94A7-6511-2970C3BE8708}.Debug|Any CPU.ActiveCfg = Debug|Any CPU
		{09B7D19C-D603-94A7-6511-2970C3BE8708}.Debug|Any CPU.Build.0 = Debug|Any CPU
		{09B7D19C-D603-94A7-6511-2970C3BE8708}.Release|Any CPU.ActiveCfg = Release|Any CPU
		{09B7D19C-D603-94A7-6511-2970C3BE8708}.Release|Any CPU.Build.0 = Release|Any CPU
		{250D9C9D-87C9-FC05-8DF1-70444DEF1D54}.Debug|Any CPU.ActiveCfg = Debug|Any CPU
		{250D9C9D-87C9-FC05-8DF1-70444DEF1D54}.Debug|Any CPU.Build.0 = Debug|Any CPU
		{250D9C9D-87C9-FC05-8DF1-70444DEF1D54}.Release|Any CPU.ActiveCfg = Release|Any CPU
		{250D9C9D-87C9-FC05-8DF1-70444DEF1D54}.Release|Any CPU.Build.0 = Release|Any CPU
		{E85408AB-BD06-3393-EA13-9BB291B52A4D}.Debug|Any CPU.ActiveCfg = Debug|Any CPU
		{E85408AB-BD06-3393-EA13-9BB291B52A4D}.Debug|Any CPU.Build.0 = Debug|Any CPU
		{E85408AB-BD06-3393-EA13-9BB291B52A4D}.Release|Any CPU.ActiveCfg = Release|Any CPU
		{E85408AB-BD06-3393-EA13-9BB291B52A4D}.Release|Any CPU.Build.0 = Release|Any CPU
		{553B34A8-321C-F187-21A8-61C2784BE429}.Debug|Any CPU.ActiveCfg = Debug|Any CPU
		{553B34A8-321C-F187-21A8-61C2784BE429}.Debug|Any CPU.Build.0 = Debug|Any CPU
		{553B34A8-321C-F187-21A8-61C2784BE429}.Release|Any CPU.ActiveCfg = Release|Any CPU
		{553B34A8-321C-F187-21A8-61C2784BE429}.Release|Any CPU.Build.0 = Release|Any CPU
	EndGlobalSection
	GlobalSection(SolutionProperties) = preSolution
		HideSolutionNode = FALSE
	EndGlobalSection
EndGlobal
